
Microsoft Visual Studio Solution File, Format Version 12.00
# Visual Studio Version 17
VisualStudioVersion = 17.7.34018.315
MinimumVisualStudioVersion = 10.0.40219.1
Project("{9A19103F-16F7-4668-BE54-9A1E7A4F7556}") = "SocketServer", "SocketServer.csproj", "{230FC5CD-B314-4A99-87BA-5614CC9BE35E}"
EndProject
Project("{9A19103F-16F7-4668-BE54-9A1E7A4F7556}") = "SocketClient", "..\SocketClient\SocketClient.csproj", "{B5F053B3-6A6E-4BA1-A1EA-99DB50D6DF49}"
EndProject
Project("{FAE04EC0-301F-11D3-BF4B-00C04F79EFBC}") = "SockerServerAsync", "..\SockerServerAsync\SockerServerAsync.csproj", "{A7EF4784-8631-4BDA-B478-F1EF7AD943A9}"
EndProject
Global
	GlobalSection(SolutionConfigurationPlatforms) = preSolution
		Debug|Any CPU = Debug|Any CPU
		Release|Any CPU = Release|Any CPU
	EndGlobalSection
	GlobalSection(ProjectConfigurationPlatforms) = postSolution
		{230FC5CD-B314-4A99-87BA-5614CC9BE35E}.Debug|Any CPU.ActiveCfg = Debug|Any CPU
		{230FC5CD-B314-4A99-87BA-5614CC9BE35E}.Debug|Any CPU.Build.0 = Debug|Any CPU
		{230FC5CD-B314-4A99-87BA-5614CC9BE35E}.Release|Any CPU.ActiveCfg = Release|Any CPU
		{230FC5CD-B314-4A99-87BA-5614CC9BE35E}.Release|Any CPU.Build.0 = Release|Any CPU
		{B5F053B3-6A6E-4BA1-A1EA-99DB50D6DF49}.Debug|Any CPU.ActiveCfg = Debug|Any CPU
		{B5F053B3-6A6E-4BA1-A1EA-99DB50D6DF49}.Debug|Any CPU.Build.0 = Debug|Any CPU
		{B5F053B3-6A6E-4BA1-A1EA-99DB50D6DF49}.Release|Any CPU.ActiveCfg = Release|Any CPU
		{B5F053B3-6A6E-4BA1-A1EA-99DB50D6DF49}.Release|Any CPU.Build.0 = Release|Any CPU
		{A7EF4784-8631-4BDA-B478-F1EF7AD943A9}.Debug|Any CPU.ActiveCfg = Debug|Any CPU
		{A7EF4784-8631-4BDA-B478-F1EF7AD943A9}.Debug|Any CPU.Build.0 = Debug|Any CPU
		{A7EF4784-8631-4BDA-B478-F1EF7AD943A9}.Release|Any CPU.ActiveCfg = Release|Any CPU
		{A7EF4784-8631-4BDA-B478-F1EF7AD943A9}.Release|Any CPU.Build.0 = Release|Any CPU
	EndGlobalSection
	GlobalSection(SolutionProperties) = preSolution
		HideSolutionNode = FALSE
	EndGlobalSection
	GlobalSection(ExtensibilityGlobals) = postSolution
		SolutionGuid = {1501CE50-0E88-4368-900C-2C3922262ECA}
	EndGlobalSection
EndGlobal
